// !$*UTF8*$!
{
	archiveVersion = 1;
	classes = {
	};
	objectVersion = 48;
	objects = {

/* Begin PBXBuildFile section */
		D37B33F0203369C500FE4139 /* E4.png in Resources */ = {isa = PBXBuildFile; fileRef = D37B33EF203369C500FE4139 /* E4.png */; };
		D37B33F22033707C00FE4139 /* Film4.png in Resources */ = {isa = PBXBuildFile; fileRef = D37B33F12033707C00FE4139 /* Film4.png */; };
		D37B33F42033722200FE4139 /* skynews.png in Resources */ = {isa = PBXBuildFile; fileRef = D37B33F32033722200FE4139 /* skynews.png */; };
		D37B33FA2033749900FE4139 /* itv2.png in Resources */ = {isa = PBXBuildFile; fileRef = D37B33F92033749900FE4139 /* itv2.png */; };
		D37B33FC203375D600FE4139 /* 5Star.png in Resources */ = {isa = PBXBuildFile; fileRef = D37B33FB203375D600FE4139 /* 5Star.png */; };
		D37B33FE203377D900FE4139 /* c4.png in Resources */ = {isa = PBXBuildFile; fileRef = D37B33FD203377D900FE4139 /* c4.png */; };
		D37B34002033792400FE4139 /* bbc1.png in Resources */ = {isa = PBXBuildFile; fileRef = D37B33FF2033792400FE4139 /* bbc1.png */; };
		D37B3402203384C700FE4139 /* Settings.bundle in Resources */ = {isa = PBXBuildFile; fileRef = D37B3401203384C700FE4139 /* Settings.bundle */; };
		D38DABB4202CC0E200EBDFF1 /* Commands.swift in Sources */ = {isa = PBXBuildFile; fileRef = D38DABB3202CC0E200EBDFF1 /* Commands.swift */; };
		D38DABB6202CC64800EBDFF1 /* commands.json in Resources */ = {isa = PBXBuildFile; fileRef = D38DABB5202CC64800EBDFF1 /* commands.json */; };
		D3AF125420324FBE004B8BBA /* ssdp.swift in Sources */ = {isa = PBXBuildFile; fileRef = D3AF125320324FBE004B8BBA /* ssdp.swift */; };
		D3B3D4A3202B63CB00791D59 /* AppDelegate.swift in Sources */ = {isa = PBXBuildFile; fileRef = D3B3D4A2202B63CB00791D59 /* AppDelegate.swift */; };
		D3B3D4A5202B63CB00791D59 /* ViewController.swift in Sources */ = {isa = PBXBuildFile; fileRef = D3B3D4A4202B63CB00791D59 /* ViewController.swift */; };
		D3B3D4A8202B63CB00791D59 /* Main.storyboard in Resources */ = {isa = PBXBuildFile; fileRef = D3B3D4A6202B63CB00791D59 /* Main.storyboard */; };
		D3B3D4AA202B63CB00791D59 /* Assets.xcassets in Resources */ = {isa = PBXBuildFile; fileRef = D3B3D4A9202B63CB00791D59 /* Assets.xcassets */; };
		D3B3D4AD202B63CB00791D59 /* LaunchScreen.storyboard in Resources */ = {isa = PBXBuildFile; fileRef = D3B3D4AB202B63CB00791D59 /* LaunchScreen.storyboard */; };
		D3B3D4BD202B655400791D59 /* wakeonlan.h in Headers */ = {isa = PBXBuildFile; fileRef = D3B3D4BB202B655400791D59 /* wakeonlan.h */; settings = {ATTRIBUTES = (Public, ); }; };
		D3B3D4C0202B655400791D59 /* wakeonlan.framework in Frameworks */ = {isa = PBXBuildFile; fileRef = D3B3D4B9202B655400791D59 /* wakeonlan.framework */; };
		D3B3D4C1202B655400791D59 /* wakeonlan.framework in Embed Frameworks */ = {isa = PBXBuildFile; fileRef = D3B3D4B9202B655400791D59 /* wakeonlan.framework */; settings = {ATTRIBUTES = (CodeSignOnCopy, RemoveHeadersOnCopy, ); }; };
		D3B3D4C7202B6FBE00791D59 /* wakeup.swift in Sources */ = {isa = PBXBuildFile; fileRef = D3B3D4C6202B6FBE00791D59 /* wakeup.swift */; };
/* End PBXBuildFile section */

/* Begin PBXContainerItemProxy section */
		D3B3D4BE202B655400791D59 /* PBXContainerItemProxy */ = {
			isa = PBXContainerItemProxy;
			containerPortal = D3B3D497202B63CB00791D59 /* Project object */;
			proxyType = 1;
			remoteGlobalIDString = D3B3D4B8202B655400791D59;
			remoteInfo = wakeonlan;
		};
/* End PBXContainerItemProxy section */

/* Begin PBXCopyFilesBuildPhase section */
		D3B3D4C5202B655400791D59 /* Embed Frameworks */ = {
			isa = PBXCopyFilesBuildPhase;
			buildActionMask = 2147483647;
			dstPath = "";
			dstSubfolderSpec = 10;
			files = (
				D3B3D4C1202B655400791D59 /* wakeonlan.framework in Embed Frameworks */,
			);
			name = "Embed Frameworks";
			runOnlyForDeploymentPostprocessing = 0;
		};
/* End PBXCopyFilesBuildPhase section */

/* Begin PBXFileReference section */
		D37B33EF203369C500FE4139 /* E4.png */ = {isa = PBXFileReference; lastKnownFileType = image.png; path = E4.png; sourceTree = "<group>"; };
		D37B33F12033707C00FE4139 /* Film4.png */ = {isa = PBXFileReference; lastKnownFileType = image.png; path = Film4.png; sourceTree = "<group>"; };
		D37B33F32033722200FE4139 /* skynews.png */ = {isa = PBXFileReference; lastKnownFileType = image.png; path = skynews.png; sourceTree = "<group>"; };
		D37B33F92033749900FE4139 /* itv2.png */ = {isa = PBXFileReference; lastKnownFileType = image.png; path = itv2.png; sourceTree = "<group>"; };
		D37B33FB203375D600FE4139 /* 5Star.png */ = {isa = PBXFileReference; lastKnownFileType = image.png; path = 5Star.png; sourceTree = "<group>"; };
		D37B33FD203377D900FE4139 /* c4.png */ = {isa = PBXFileReference; lastKnownFileType = image.png; path = c4.png; sourceTree = "<group>"; };
		D37B33FF2033792400FE4139 /* bbc1.png */ = {isa = PBXFileReference; lastKnownFileType = image.png; path = bbc1.png; sourceTree = "<group>"; };
		D37B3401203384C700FE4139 /* Settings.bundle */ = {isa = PBXFileReference; lastKnownFileType = "wrapper.plug-in"; path = Settings.bundle; sourceTree = "<group>"; };
		D38DABB3202CC0E200EBDFF1 /* Commands.swift */ = {isa = PBXFileReference; lastKnownFileType = sourcecode.swift; path = Commands.swift; sourceTree = "<group>"; };
		D38DABB5202CC64800EBDFF1 /* commands.json */ = {isa = PBXFileReference; lastKnownFileType = text.json; path = commands.json; sourceTree = "<group>"; };
		D3AF125320324FBE004B8BBA /* ssdp.swift */ = {isa = PBXFileReference; lastKnownFileType = sourcecode.swift; path = ssdp.swift; sourceTree = "<group>"; };
		D3B3D49F202B63CB00791D59 /* lazybones.app */ = {isa = PBXFileReference; explicitFileType = wrapper.application; includeInIndex = 0; path = lazybones.app; sourceTree = BUILT_PRODUCTS_DIR; };
		D3B3D4A2202B63CB00791D59 /* AppDelegate.swift */ = {isa = PBXFileReference; lastKnownFileType = sourcecode.swift; path = AppDelegate.swift; sourceTree = "<group>"; };
		D3B3D4A4202B63CB00791D59 /* ViewController.swift */ = {isa = PBXFileReference; lastKnownFileType = sourcecode.swift; path = ViewController.swift; sourceTree = "<group>"; };
		D3B3D4A7202B63CB00791D59 /* Base */ = {isa = PBXFileReference; lastKnownFileType = file.storyboard; name = Base; path = Base.lproj/Main.storyboard; sourceTree = "<group>"; };
		D3B3D4A9202B63CB00791D59 /* Assets.xcassets */ = {isa = PBXFileReference; lastKnownFileType = folder.assetcatalog; path = Assets.xcassets; sourceTree = "<group>"; };
		D3B3D4AC202B63CB00791D59 /* Base */ = {isa = PBXFileReference; lastKnownFileType = file.storyboard; name = Base; path = Base.lproj/LaunchScreen.storyboard; sourceTree = "<group>"; };
		D3B3D4AE202B63CB00791D59 /* Info.plist */ = {isa = PBXFileReference; lastKnownFileType = text.plist.xml; path = Info.plist; sourceTree = "<group>"; };
		D3B3D4B9202B655400791D59 /* wakeonlan.framework */ = {isa = PBXFileReference; explicitFileType = wrapper.framework; includeInIndex = 0; path = wakeonlan.framework; sourceTree = BUILT_PRODUCTS_DIR; };
		D3B3D4BB202B655400791D59 /* wakeonlan.h */ = {isa = PBXFileReference; lastKnownFileType = sourcecode.c.h; path = wakeonlan.h; sourceTree = "<group>"; };
		D3B3D4BC202B655400791D59 /* Info.plist */ = {isa = PBXFileReference; lastKnownFileType = text.plist.xml; path = Info.plist; sourceTree = "<group>"; };
		D3B3D4C6202B6FBE00791D59 /* wakeup.swift */ = {isa = PBXFileReference; lastKnownFileType = sourcecode.swift; path = wakeup.swift; sourceTree = "<group>"; };
/* End PBXFileReference section */

/* Begin PBXFrameworksBuildPhase section */
		D3B3D49C202B63CB00791D59 /* Frameworks */ = {
			isa = PBXFrameworksBuildPhase;
			buildActionMask = 2147483647;
			files = (
				D3B3D4C0202B655400791D59 /* wakeonlan.framework in Frameworks */,
			);
			runOnlyForDeploymentPostprocessing = 0;
		};
		D3B3D4B5202B655400791D59 /* Frameworks */ = {
			isa = PBXFrameworksBuildPhase;
			buildActionMask = 2147483647;
			files = (
			);
			runOnlyForDeploymentPostprocessing = 0;
		};
/* End PBXFrameworksBuildPhase section */

/* Begin PBXGroup section */
		D35F97E2202BB3B300779F51 /* Frameworks */ = {
			isa = PBXGroup;
			children = (
			);
			name = Frameworks;
			sourceTree = "<group>";
		};
		D3AFD3C92033A1130018057A /* assets */ = {
			isa = PBXGroup;
			children = (
				D37B33FF2033792400FE4139 /* bbc1.png */,
				D37B33EF203369C500FE4139 /* E4.png */,
				D37B33F12033707C00FE4139 /* Film4.png */,
				D37B33FD203377D900FE4139 /* c4.png */,
				D37B33F32033722200FE4139 /* skynews.png */,
				D37B33F92033749900FE4139 /* itv2.png */,
				D37B33FB203375D600FE4139 /* 5Star.png */,
			);
			path = assets;
			sourceTree = "<group>";
		};
		D3B3D496202B63CB00791D59 = {
			isa = PBXGroup;
			children = (
				D3B3D4A1202B63CB00791D59 /* lazybones */,
				D3B3D4BA202B655400791D59 /* wakeonlan */,
				D35F97E2202BB3B300779F51 /* Frameworks */,
				D3B3D4A0202B63CB00791D59 /* Products */,
			);
			sourceTree = "<group>";
		};
		D3B3D4A0202B63CB00791D59 /* Products */ = {
			isa = PBXGroup;
			children = (
				D3B3D49F202B63CB00791D59 /* lazybones.app */,
				D3B3D4B9202B655400791D59 /* wakeonlan.framework */,
			);
			name = Products;
			sourceTree = "<group>";
		};
		D3B3D4A1202B63CB00791D59 /* lazybones */ = {
			isa = PBXGroup;
			children = (
				D3AFD3C92033A1130018057A /* assets */,
				D3B3D4A2202B63CB00791D59 /* AppDelegate.swift */,
				D3B3D4A4202B63CB00791D59 /* ViewController.swift */,
				D38DABB3202CC0E200EBDFF1 /* Commands.swift */,
				D3B3D4A6202B63CB00791D59 /* Main.storyboard */,
				D3B3D4A9202B63CB00791D59 /* Assets.xcassets */,
				D37B3401203384C700FE4139 /* Settings.bundle */,
				D3B3D4AB202B63CB00791D59 /* LaunchScreen.storyboard */,
				D3B3D4AE202B63CB00791D59 /* Info.plist */,
				D38DABB5202CC64800EBDFF1 /* commands.json */,
			);
			path = lazybones;
			sourceTree = "<group>";
		};
		D3B3D4BA202B655400791D59 /* wakeonlan */ = {
			isa = PBXGroup;
			children = (
				D3B3D4BB202B655400791D59 /* wakeonlan.h */,
				D3B3D4BC202B655400791D59 /* Info.plist */,
				D3B3D4C6202B6FBE00791D59 /* wakeup.swift */,
				D3AF125320324FBE004B8BBA /* ssdp.swift */,
			);
			path = wakeonlan;
			sourceTree = "<group>";
		};
/* End PBXGroup section */

/* Begin PBXHeadersBuildPhase section */
		D3B3D4B6202B655400791D59 /* Headers */ = {
			isa = PBXHeadersBuildPhase;
			buildActionMask = 2147483647;
			files = (
				D3B3D4BD202B655400791D59 /* wakeonlan.h in Headers */,
			);
			runOnlyForDeploymentPostprocessing = 0;
		};
/* End PBXHeadersBuildPhase section */

/* Begin PBXNativeTarget section */
		D3B3D49E202B63CB00791D59 /* lazybones */ = {
			isa = PBXNativeTarget;
			buildConfigurationList = D3B3D4B1202B63CB00791D59 /* Build configuration list for PBXNativeTarget "lazybones" */;
			buildPhases = (
				D3B3D49B202B63CB00791D59 /* Sources */,
				D3B3D49C202B63CB00791D59 /* Frameworks */,
				D3B3D49D202B63CB00791D59 /* Resources */,
				D3B3D4C5202B655400791D59 /* Embed Frameworks */,
			);
			buildRules = (
			);
			dependencies = (
				D3B3D4BF202B655400791D59 /* PBXTargetDependency */,
			);
			name = lazybones;
			productName = lazybones;
			productReference = D3B3D49F202B63CB00791D59 /* lazybones.app */;
			productType = "com.apple.product-type.application";
		};
		D3B3D4B8202B655400791D59 /* wakeonlan */ = {
			isa = PBXNativeTarget;
			buildConfigurationList = D3B3D4C2202B655400791D59 /* Build configuration list for PBXNativeTarget "wakeonlan" */;
			buildPhases = (
				D3B3D4B4202B655400791D59 /* Sources */,
				D3B3D4B5202B655400791D59 /* Frameworks */,
				D3B3D4B6202B655400791D59 /* Headers */,
				D3B3D4B7202B655400791D59 /* Resources */,
			);
			buildRules = (
			);
			dependencies = (
			);
			name = wakeonlan;
			productName = wakeonlan;
			productReference = D3B3D4B9202B655400791D59 /* wakeonlan.framework */;
			productType = "com.apple.product-type.framework";
		};
/* End PBXNativeTarget section */

/* Begin PBXProject section */
		D3B3D497202B63CB00791D59 /* Project object */ = {
			isa = PBXProject;
			attributes = {
				LastSwiftUpdateCheck = 0920;
				LastUpgradeCheck = 0920;
				ORGANIZATIONNAME = "Depicus Limited";
				TargetAttributes = {
					D3B3D49E202B63CB00791D59 = {
						CreatedOnToolsVersion = 9.2;
						ProvisioningStyle = Automatic;
						SystemCapabilities = {
							com.apple.Siri = {
								enabled = 0;
							};
						};
					};
					D3B3D4B8202B655400791D59 = {
						CreatedOnToolsVersion = 9.2;
						LastSwiftMigration = 0920;
						ProvisioningStyle = Automatic;
					};
				};
			};
			buildConfigurationList = D3B3D49A202B63CB00791D59 /* Build configuration list for PBXProject "lazybones" */;
			compatibilityVersion = "Xcode 8.0";
			developmentRegion = en;
			hasScannedForEncodings = 0;
			knownRegions = (
				en,
				Base,
			);
			mainGroup = D3B3D496202B63CB00791D59;
			productRefGroup = D3B3D4A0202B63CB00791D59 /* Products */;
			projectDirPath = "";
			projectRoot = "";
			targets = (
				D3B3D49E202B63CB00791D59 /* lazybones */,
				D3B3D4B8202B655400791D59 /* wakeonlan */,
			);
		};
/* End PBXProject section */

/* Begin PBXResourcesBuildPhase section */
		D3B3D49D202B63CB00791D59 /* Resources */ = {
			isa = PBXResourcesBuildPhase;
			buildActionMask = 2147483647;
			files = (
				D37B33FE203377D900FE4139 /* c4.png in Resources */,
				D37B33FC203375D600FE4139 /* 5Star.png in Resources */,
				D37B33F42033722200FE4139 /* skynews.png in Resources */,
				D37B33FA2033749900FE4139 /* itv2.png in Resources */,
				D37B3402203384C700FE4139 /* Settings.bundle in Resources */,
				D37B33F0203369C500FE4139 /* E4.png in Resources */,
				D3B3D4AD202B63CB00791D59 /* LaunchScreen.storyboard in Resources */,
				D3B3D4AA202B63CB00791D59 /* Assets.xcassets in Resources */,
				D3B3D4A8202B63CB00791D59 /* Main.storyboard in Resources */,
				D37B33F22033707C00FE4139 /* Film4.png in Resources */,
				D38DABB6202CC64800EBDFF1 /* commands.json in Resources */,
				D37B34002033792400FE4139 /* bbc1.png in Resources */,
			);
			runOnlyForDeploymentPostprocessing = 0;
		};
		D3B3D4B7202B655400791D59 /* Resources */ = {
			isa = PBXResourcesBuildPhase;
			buildActionMask = 2147483647;
			files = (
			);
			runOnlyForDeploymentPostprocessing = 0;
		};
/* End PBXResourcesBuildPhase section */

/* Begin PBXSourcesBuildPhase section */
		D3B3D49B202B63CB00791D59 /* Sources */ = {
			isa = PBXSourcesBuildPhase;
			buildActionMask = 2147483647;
			files = (
				D3B3D4A5202B63CB00791D59 /* ViewController.swift in Sources */,
				D38DABB4202CC0E200EBDFF1 /* Commands.swift in Sources */,
				D3B3D4A3202B63CB00791D59 /* AppDelegate.swift in Sources */,
			);
			runOnlyForDeploymentPostprocessing = 0;
		};
		D3B3D4B4202B655400791D59 /* Sources */ = {
			isa = PBXSourcesBuildPhase;
			buildActionMask = 2147483647;
			files = (
				D3B3D4C7202B6FBE00791D59 /* wakeup.swift in Sources */,
				D3AF125420324FBE004B8BBA /* ssdp.swift in Sources */,
			);
			runOnlyForDeploymentPostprocessing = 0;
		};
/* End PBXSourcesBuildPhase section */

/* Begin PBXTargetDependency section */
		D3B3D4BF202B655400791D59 /* PBXTargetDependency */ = {
			isa = PBXTargetDependency;
			target = D3B3D4B8202B655400791D59 /* wakeonlan */;
			targetProxy = D3B3D4BE202B655400791D59 /* PBXContainerItemProxy */;
		};
/* End PBXTargetDependency section */

/* Begin PBXVariantGroup section */
		D3B3D4A6202B63CB00791D59 /* Main.storyboard */ = {
			isa = PBXVariantGroup;
			children = (
				D3B3D4A7202B63CB00791D59 /* Base */,
			);
			name = Main.storyboard;
			sourceTree = "<group>";
		};
		D3B3D4AB202B63CB00791D59 /* LaunchScreen.storyboard */ = {
			isa = PBXVariantGroup;
			children = (
				D3B3D4AC202B63CB00791D59 /* Base */,
			);
			name = LaunchScreen.storyboard;
			sourceTree = "<group>";
		};
/* End PBXVariantGroup section */

/* Begin XCBuildConfiguration section */
		D3B3D4AF202B63CB00791D59 /* Debug */ = {
			isa = XCBuildConfiguration;
			buildSettings = {
				ALWAYS_SEARCH_USER_PATHS = NO;
				CLANG_ANALYZER_NONNULL = YES;
				CLANG_ANALYZER_NUMBER_OBJECT_CONVERSION = YES_AGGRESSIVE;
				CLANG_CXX_LANGUAGE_STANDARD = "gnu++14";
				CLANG_CXX_LIBRARY = "libc++";
				CLANG_ENABLE_MODULES = YES;
				CLANG_ENABLE_OBJC_ARC = YES;
				CLANG_WARN_BLOCK_CAPTURE_AUTORELEASING = YES;
				CLANG_WARN_BOOL_CONVERSION = YES;
				CLANG_WARN_COMMA = YES;
				CLANG_WARN_CONSTANT_CONVERSION = YES;
				CLANG_WARN_DIRECT_OBJC_ISA_USAGE = YES_ERROR;
				CLANG_WARN_DOCUMENTATION_COMMENTS = YES;
				CLANG_WARN_EMPTY_BODY = YES;
				CLANG_WARN_ENUM_CONVERSION = YES;
				CLANG_WARN_INFINITE_RECURSION = YES;
				CLANG_WARN_INT_CONVERSION = YES;
				CLANG_WARN_NON_LITERAL_NULL_CONVERSION = YES;
				CLANG_WARN_OBJC_LITERAL_CONVERSION = YES;
				CLANG_WARN_OBJC_ROOT_CLASS = YES_ERROR;
				CLANG_WARN_RANGE_LOOP_ANALYSIS = YES;
				CLANG_WARN_STRICT_PROTOTYPES = YES;
				CLANG_WARN_SUSPICIOUS_MOVE = YES;
				CLANG_WARN_UNGUARDED_AVAILABILITY = YES_AGGRESSIVE;
				CLANG_WARN_UNREACHABLE_CODE = YES;
				CLANG_WARN__DUPLICATE_METHOD_MATCH = YES;
				CODE_SIGN_IDENTITY = "iPhone Developer";
				COPY_PHASE_STRIP = NO;
				DEBUG_INFORMATION_FORMAT = dwarf;
				ENABLE_STRICT_OBJC_MSGSEND = YES;
				ENABLE_TESTABILITY = YES;
				GCC_C_LANGUAGE_STANDARD = gnu11;
				GCC_DYNAMIC_NO_PIC = NO;
				GCC_NO_COMMON_BLOCKS = YES;
				GCC_OPTIMIZATION_LEVEL = 0;
				GCC_PREPROCESSOR_DEFINITIONS = (
					"DEBUG=1",
					"$(inherited)",
				);
				GCC_WARN_64_TO_32_BIT_CONVERSION = YES;
				GCC_WARN_ABOUT_RETURN_TYPE = YES_ERROR;
				GCC_WARN_UNDECLARED_SELECTOR = YES;
				GCC_WARN_UNINITIALIZED_AUTOS = YES_AGGRESSIVE;
				GCC_WARN_UNUSED_FUNCTION = YES;
				GCC_WARN_UNUSED_VARIABLE = YES;
				IPHONEOS_DEPLOYMENT_TARGET = 11.2;
				MTL_ENABLE_DEBUG_INFO = YES;
				ONLY_ACTIVE_ARCH = YES;
				SDKROOT = iphoneos;
				SWIFT_ACTIVE_COMPILATION_CONDITIONS = DEBUG;
				SWIFT_OPTIMIZATION_LEVEL = "-Onone";
			};
			name = Debug;
		};
		D3B3D4B0202B63CB00791D59 /* Release */ = {
			isa = XCBuildConfiguration;
			buildSettings = {
				ALWAYS_SEARCH_USER_PATHS = NO;
				CLANG_ANALYZER_NONNULL = YES;
				CLANG_ANALYZER_NUMBER_OBJECT_CONVERSION = YES_AGGRESSIVE;
				CLANG_CXX_LANGUAGE_STANDARD = "gnu++14";
				CLANG_CXX_LIBRARY = "libc++";
				CLANG_ENABLE_MODULES = YES;
				CLANG_ENABLE_OBJC_ARC = YES;
				CLANG_WARN_BLOCK_CAPTURE_AUTORELEASING = YES;
				CLANG_WARN_BOOL_CONVERSION = YES;
				CLANG_WARN_COMMA = YES;
				CLANG_WARN_CONSTANT_CONVERSION = YES;
				CLANG_WARN_DIRECT_OBJC_ISA_USAGE = YES_ERROR;
				CLANG_WARN_DOCUMENTATION_COMMENTS = YES;
				CLANG_WARN_EMPTY_BODY = YES;
				CLANG_WARN_ENUM_CONVERSION = YES;
				CLANG_WARN_INFINITE_RECURSION = YES;
				CLANG_WARN_INT_CONVERSION = YES;
				CLANG_WARN_NON_LITERAL_NULL_CONVERSION = YES;
				CLANG_WARN_OBJC_LITERAL_CONVERSION = YES;
				CLANG_WARN_OBJC_ROOT_CLASS = YES_ERROR;
				CLANG_WARN_RANGE_LOOP_ANALYSIS = YES;
				CLANG_WARN_STRICT_PROTOTYPES = YES;
				CLANG_WARN_SUSPICIOUS_MOVE = YES;
				CLANG_WARN_UNGUARDED_AVAILABILITY = YES_AGGRESSIVE;
				CLANG_WARN_UNREACHABLE_CODE = YES;
				CLANG_WARN__DUPLICATE_METHOD_MATCH = YES;
				CODE_SIGN_IDENTITY = "iPhone Developer";
				COPY_PHASE_STRIP = NO;
				DEBUG_INFORMATION_FORMAT = "dwarf-with-dsym";
				ENABLE_NS_ASSERTIONS = NO;
				ENABLE_STRICT_OBJC_MSGSEND = YES;
				GCC_C_LANGUAGE_STANDARD = gnu11;
				GCC_NO_COMMON_BLOCKS = YES;
				GCC_WARN_64_TO_32_BIT_CONVERSION = YES;
				GCC_WARN_ABOUT_RETURN_TYPE = YES_ERROR;
				GCC_WARN_UNDECLARED_SELECTOR = YES;
				GCC_WARN_UNINITIALIZED_AUTOS = YES_AGGRESSIVE;
				GCC_WARN_UNUSED_FUNCTION = YES;
				GCC_WARN_UNUSED_VARIABLE = YES;
				IPHONEOS_DEPLOYMENT_TARGET = 11.2;
				MTL_ENABLE_DEBUG_INFO = NO;
				SDKROOT = iphoneos;
				SWIFT_OPTIMIZATION_LEVEL = "-Owholemodule";
				VALIDATE_PRODUCT = YES;
			};
			name = Release;
		};
		D3B3D4B2202B63CB00791D59 /* Debug */ = {
			isa = XCBuildConfiguration;
			buildSettings = {
				ALWAYS_EMBED_SWIFT_STANDARD_LIBRARIES = YES;
				ASSETCATALOG_COMPILER_APPICON_NAME = AppIcon;
				CODE_SIGN_STYLE = Automatic;
				DEVELOPMENT_TEAM = 8KV28BE94J;
				INFOPLIST_FILE = lazybones/Info.plist;
				LD_RUNPATH_SEARCH_PATHS = "$(inherited) @executable_path/Frameworks";
				PRODUCT_BUNDLE_IDENTIFIER = com.depicus.lazybones;
				PRODUCT_NAME = "$(TARGET_NAME)";
				SWIFT_VERSION = 4.0;
				TARGETED_DEVICE_FAMILY = 1;
			};
			name = Debug;
		};
		D3B3D4B3202B63CB00791D59 /* Release */ = {
			isa = XCBuildConfiguration;
			buildSettings = {
				ALWAYS_EMBED_SWIFT_STANDARD_LIBRARIES = YES;
				ASSETCATALOG_COMPILER_APPICON_NAME = AppIcon;
				CODE_SIGN_STYLE = Automatic;
				DEVELOPMENT_TEAM = 8KV28BE94J;
				INFOPLIST_FILE = lazybones/Info.plist;
				LD_RUNPATH_SEARCH_PATHS = "$(inherited) @executable_path/Frameworks";
				PRODUCT_BUNDLE_IDENTIFIER = com.depicus.lazybones;
				PRODUCT_NAME = "$(TARGET_NAME)";
				SWIFT_VERSION = 4.0;
				TARGETED_DEVICE_FAMILY = 1;
			};
			name = Release;
		};
		D3B3D4C3202B655400791D59 /* Debug */ = {
			isa = XCBuildConfiguration;
			buildSettings = {
				CLANG_ENABLE_MODULES = YES;
				CODE_SIGN_IDENTITY = "";
				CODE_SIGN_STYLE = Automatic;
				CURRENT_PROJECT_VERSION = 1;
				DEFINES_MODULE = YES;
				DEVELOPMENT_TEAM = 8KV28BE94J;
				DYLIB_COMPATIBILITY_VERSION = 1;
				DYLIB_CURRENT_VERSION = 1;
				DYLIB_INSTALL_NAME_BASE = "@rpath";
				INFOPLIST_FILE = wakeonlan/Info.plist;
				INSTALL_PATH = "$(LOCAL_LIBRARY_DIR)/Frameworks";
				LD_RUNPATH_SEARCH_PATHS = "$(inherited) @executable_path/Frameworks @loader_path/Frameworks";
				PRODUCT_BUNDLE_IDENTIFIER = com.depicus.wakeonlan;
				PRODUCT_NAME = "$(TARGET_NAME:c99extidentifier)";
				SKIP_INSTALL = YES;
				SWIFT_OPTIMIZATION_LEVEL = "-Onone";
				SWIFT_VERSION = 4.0;
				TARGETED_DEVICE_FAMILY = "1,2";
				VERSIONING_SYSTEM = "apple-generic";
				VERSION_INFO_PREFIX = "";
			};
			name = Debug;
		};
		D3B3D4C4202B655400791D59 /* Release */ = {
			isa = XCBuildConfiguration;
			buildSettings = {
				CLANG_ENABLE_MODULES = YES;
				CODE_SIGN_IDENTITY = "";
				CODE_SIGN_STYLE = Automatic;
				CURRENT_PROJECT_VERSION = 1;
				DEFINES_MODULE = YES;
				DEVELOPMENT_TEAM = 8KV28BE94J;
				DYLIB_COMPATIBILITY_VERSION = 1;
				DYLIB_CURRENT_VERSION = 1;
				DYLIB_INSTALL_NAME_BASE = "@rpath";
				INFOPLIST_FILE = wakeonlan/Info.plist;
				INSTALL_PATH = "$(LOCAL_LIBRARY_DIR)/Frameworks";
				LD_RUNPATH_SEARCH_PATHS = "$(inherited) @executable_path/Frameworks @loader_path/Frameworks";
				PRODUCT_BUNDLE_IDENTIFIER = com.depicus.wakeonlan;
				PRODUCT_NAME = "$(TARGET_NAME:c99extidentifier)";
				SKIP_INSTALL = YES;
				SWIFT_VERSION = 4.0;
				TARGETED_DEVICE_FAMILY = "1,2";
				VERSIONING_SYSTEM = "apple-generic";
				VERSION_INFO_PREFIX = "";
			};
			name = Release;
		};
/* End XCBuildConfiguration section */

/* Begin XCConfigurationList section */
		D3B3D49A202B63CB00791D59 /* Build configuration list for PBXProject "lazybones" */ = {
			isa = XCConfigurationList;
			buildConfigurations = (
				D3B3D4AF202B63CB00791D59 /* Debug */,
				D3B3D4B0202B63CB00791D59 /* Release */,
			);
			defaultConfigurationIsVisible = 0;
			defaultConfigurationName = Release;
		};
		D3B3D4B1202B63CB00791D59 /* Build configuration list for PBXNativeTarget "lazybones" */ = {
			isa = XCConfigurationList;
			buildConfigurations = (
				D3B3D4B2202B63CB00791D59 /* Debug */,
				D3B3D4B3202B63CB00791D59 /* Release */,
			);
			defaultConfigurationIsVisible = 0;
			defaultConfigurationName = Release;
		};
		D3B3D4C2202B655400791D59 /* Build configuration list for PBXNativeTarget "wakeonlan" */ = {
			isa = XCConfigurationList;
			buildConfigurations = (
				D3B3D4C3202B655400791D59 /* Debug */,
				D3B3D4C4202B655400791D59 /* Release */,
			);
			defaultConfigurationIsVisible = 0;
			defaultConfigurationName = Release;
		};
/* End XCConfigurationList section */
	};
	rootObject = D3B3D497202B63CB00791D59 /* Project object */;
}
